{
  "name": "vue-MusicPlayer",
  "lockfileVersion": 3,
  "requires": true,
  "packages": {
    "": {
      "dependencies": {
        "pinia-plugin-persistedstate": "^4.7.1",
        "uniqolor": "^1.1.1",
        "vue-material-design-icons": "^5.3.1"
      }
    },
    "node_modules/defu": {
      "version": "6.1.4",
      "resolved": "https://registry.npmjs.org/defu/-/defu-6.1.4.tgz",
      "integrity": "sha512-mEQCMmwJu317oSz8CwdIOdwf3xMif1ttiM8LTufzc3g6kR+9Pe236twL8j3IYT1F7GfRgGcW6MWxzZjLIkuHIg==",
      "license": "MIT"
    },
    "node_modules/pinia-plugin-persistedstate": {
      "version": "4.7.1",
      "resolved": "https://registry.npmjs.org/pinia-plugin-persistedstate/-/pinia-plugin-persistedstate-4.7.1.tgz",
      "integrity": "sha512-WHOqh2esDlR3eAaknPbqXrkkj0D24h8shrDPqysgCFR6ghqP/fpFfJmMPJp0gETHsvrh9YNNg6dQfo2OEtDnIQ==",
      "license": "MIT",
      "dependencies": {
        "defu": "^6.1.4"
      },
      "peerDependencies": {
        "@nuxt/kit": ">=3.0.0",
        "@pinia/nuxt": ">=0.10.0",
        "pinia": ">=3.0.0"
      },
      "peerDependenciesMeta": {
        "@nuxt/kit": {
          "optional": true
        },
        "@pinia/nuxt": {
          "optional": true
        },
        "pinia": {
          "optional": true
        }
      }
    },
    "node_modules/uniqolor": {
      "version": "1.1.1",
      "resolved": "https://registry.npmjs.org/uniqolor/-/uniqolor-1.1.1.tgz",
      "integrity": "sha512-HUwezlXCwm5bzsEXW7AP7ybezH13uWENRgYT+3dOdhJPvpYucSqvIGckMiLn+Uy2j0NVf3fPp43uZ4aun3t4Ww==",
      "license": "MIT"
    },
    "node_modules/vue-material-design-icons": {
      "version": "5.3.1",
      "resolved": "https://registry.npmjs.org/vue-material-design-icons/-/vue-material-design-icons-5.3.1.tgz",
      "integrity": "sha512-6UNEyhlTzlCeT8ZeX5WbpUGFTTPSbOoTQeoASTv7X4Ylh0pe8vltj+36VMK56KM0gG8EQVoMK/Qw/6evalg8lA==",
      "license": "MIT"
    }
  }
}
